// !$*UTF8*$!
{
	archiveVersion = 1;
	classes = {
	};
	objectVersion = 46;
	objects = {

/* Begin PBXBuildFile section */
		2CB1BB4F1EAAFCD8007B99DD /* AppDelegate.swift in Sources */ = {isa = PBXBuildFile; fileRef = 2CB1BB4E1EAAFCD8007B99DD /* AppDelegate.swift */; };
		2CB1BB511EAAFCD8007B99DD /* ViewController.swift in Sources */ = {isa = PBXBuildFile; fileRef = 2CB1BB501EAAFCD8007B99DD /* ViewController.swift */; };
		2CB1BB541EAAFCD8007B99DD /* Main.storyboard in Resources */ = {isa = PBXBuildFile; fileRef = 2CB1BB521EAAFCD8007B99DD /* Main.storyboard */; };
		2CB1BB561EAAFCD8007B99DD /* Assets.xcassets in Resources */ = {isa = PBXBuildFile; fileRef = 2CB1BB551EAAFCD8007B99DD /* Assets.xcassets */; };
		2CB1BB591EAAFCD8007B99DD /* LaunchScreen.storyboard in Resources */ = {isa = PBXBuildFile; fileRef = 2CB1BB571EAAFCD8007B99DD /* LaunchScreen.storyboard */; };
/* End PBXBuildFile section */

/* Begin PBXFileReference section */
		2CB1BB4B1EAAFCD8007B99DD /* ELPickerView.app */ = {isa = PBXFileReference; explicitFileType = wrapper.application; includeInIndex = 0; path = ELPickerView.app; sourceTree = BUILT_PRODUCTS_DIR; };
		2CB1BB4E1EAAFCD8007B99DD /* AppDelegate.swift */ = {isa = PBXFileReference; lastKnownFileType = sourcecode.swift; path = AppDelegate.swift; sourceTree = "<group>"; };
		2CB1BB501EAAFCD8007B99DD /* ViewController.swift */ = {isa = PBXFileReference; lastKnownFileType = sourcecode.swift; path = ViewController.swift; sourceTree = "<group>"; };
		2CB1BB531EAAFCD8007B99DD /* Base */ = {isa = PBXFileReference; lastKnownFileType = file.storyboard; name = Base; path = Base.lproj/Main.storyboard; sourceTree = "<group>"; };
		2CB1BB551EAAFCD8007B99DD /* Assets.xcassets */ = {isa = PBXFileReference; lastKnownFileType = folder.assetcatalog; path = Assets.xcassets; sourceTree = "<group>"; };
		2CB1BB581EAAFCD8007B99DD /* Base */ = {isa = PBXFileReference; lastKnownFileType = file.storyboard; name = Base; path = Base.lproj/LaunchScreen.storyboard; sourceTree = "<group>"; };
		2CB1BB5A1EAAFCD8007B99DD /* Info.plist */ = {isa = PBXFileReference; lastKnownFileType = text.plist.xml; path = Info.plist; sourceTree = "<group>"; };
/* End PBXFileReference section */

/* Begin PBXFrameworksBuildPhase section */
		2CB1BB481EAAFCD7007B99DD /* Frameworks */ = {
			isa = PBXFrameworksBuildPhase;
			buildActionMask = 2147483647;
			files = (
			);
			runOnlyForDeploymentPostprocessing = 0;
		};
/* End PBXFrameworksBuildPhase section */

/* Begin PBXGroup section */
		2CB1BB421EAAFCD7007B99DD = {
			isa = PBXGroup;
			children = (
				2CB1BB4D1EAAFCD8007B99DD /* ELPickerView */,
				2CB1BB4C1EAAFCD8007B99DD /* Products */,
			);
			sourceTree = "<group>";
		};
		2CB1BB4C1EAAFCD8007B99DD /* Products */ = {
			isa = PBXGroup;
			children = (
				2CB1BB4B1EAAFCD8007B99DD /* ELPickerView.app */,
			);
			name = Products;
			sourceTree = "<group>";
		};
		2CB1BB4D1EAAFCD8007B99DD /* ELPickerView */ = {
			isa = PBXGroup;
			children = (
				2CB1BB4E1EAAFCD8007B99DD /* AppDelegate.swift */,
				2CB1BB501EAAFCD8007B99DD /* ViewController.swift */,
				2CB1BB521EAAFCD8007B99DD /* Main.storyboard */,
				2CB1BB551EAAFCD8007B99DD /* Assets.xcassets */,
				2CB1BB571EAAFCD8007B99DD /* LaunchScreen.storyboard */,
				2CB1BB5A1EAAFCD8007B99DD /* Info.plist */,
			);
			path = ELPickerView;
			sourceTree = "<group>";
		};
/* End PBXGroup section */

/* Begin PBXNativeTarget section */
		2CB1BB4A1EAAFCD7007B99DD /* ELPickerView */ = {
			isa = PBXNativeTarget;
			buildConfigurationList = 2CB1BB5D1EAAFCD8007B99DD /* Build configuration list for PBXNativeTarget "ELPickerView" */;
			buildPhases = (
				2CB1BB471EAAFCD7007B99DD /* Sources */,
				2CB1BB481EAAFCD7007B99DD /* Frameworks */,
				2CB1BB491EAAFCD7007B99DD /* Resources */,
			);
			buildRules = (
			);
			dependencies = (
			);
			name = ELPickerView;
			productName = ELPickerView;
			productReference = 2CB1BB4B1EAAFCD8007B99DD /* ELPickerView.app */;
			productType = "com.apple.product-type.application";
		};
/* End PBXNativeTarget section */

/* Begin PBXProject section */
		2CB1BB431EAAFCD7007B99DD /* Project object */ = {
			isa = PBXProject;
			attributes = {
				LastSwiftUpdateCheck = 0830;
				LastUpgradeCheck = 0830;
				ORGANIZATIONNAME = Elenion;
				TargetAttributes = {
					2CB1BB4A1EAAFCD7007B99DD = {
						CreatedOnToolsVersion = 8.3.1;
						DevelopmentTeam = QGJNJ3SKUJ;
						ProvisioningStyle = Automatic;
					};
				};
			};
			buildConfigurationList = 2CB1BB461EAAFCD7007B99DD /* Build configuration list for PBXProject "ELPickerView" */;
			compatibilityVersion = "Xcode 3.2";
			developmentRegion = English;
			hasScannedForEncodings = 0;
			knownRegions = (
				en,
				Base,
			);
			mainGroup = 2CB1BB421EAAFCD7007B99DD;
			productRefGroup = 2CB1BB4C1EAAFCD8007B99DD /* Products */;
			projectDirPath = "";
			projectRoot = "";
			targets = (
				2CB1BB4A1EAAFCD7007B99DD /* ELPickerView */,
			);
		};
/* End PBXProject section */

/* Begin PBXResourcesBuildPhase section */
		2CB1BB491EAAFCD7007B99DD /* Resources */ = {
			isa = PBXResourcesBuildPhase;
			buildActionMask = 2147483647;
			files = (
				2CB1BB591EAAFCD8007B99DD /* LaunchScreen.storyboard in Resources */,
				2CB1BB561EAAFCD8007B99DD /* Assets.xcassets in Resources */,
				2CB1BB541EAAFCD8007B99DD /* Main.storyboard in Resources */,
			);
			runOnlyForDeploymentPostprocessing = 0;
		};
/* End PBXResourcesBuildPhase section */

/* Begin PBXSourcesBuildPhase section */
		2CB1BB471EAAFCD7007B99DD /* Sources */ = {
			isa = PBXSourcesBuildPhase;
			buildActionMask = 2147483647;
			files = (
				2CB1BB511EAAFCD8007B99DD /* ViewController.swift in Sources */,
				2CB1BB4F1EAAFCD8007B99DD /* AppDelegate.swift in Sources */,
			);
			runOnlyForDeploymentPostprocessing = 0;
		};
/* End PBXSourcesBuildPhase section */

/* Begin PBXVariantGroup section */
		2CB1BB521EAAFCD8007B99DD /* Main.storyboard */ = {
			isa = PBXVariantGroup;
			children = (
				2CB1BB531EAAFCD8007B99DD /* Base */,
			);
			name = Main.storyboard;
			sourceTree = "<group>";
		};
		2CB1BB571EAAFCD8007B99DD /* LaunchScreen.storyboard */ = {
			isa = PBXVariantGroup;
			children = (
				2CB1BB581EAAFCD8007B99DD /* Base */,
			);
			name = LaunchScreen.storyboard;
			sourceTree = "<group>";
		};
/* End PBXVariantGroup section */

/* Begin XCBuildConfiguration section */
		2CB1BB5B1EAAFCD8007B99DD /* Debug */ = {
			isa = XCBuildConfiguration;
			buildSettings = {
				ALWAYS_SEARCH_USER_PATHS = NO;
				CLANG_ANALYZER_NONNULL = YES;
				CLANG_ANALYZER_NUMBER_OBJECT_CONVERSION = YES_AGGRESSIVE;
				CLANG_CXX_LANGUAGE_STANDARD = "gnu++0x";
				CLANG_CXX_LIBRARY = "libc++";
				CLANG_ENABLE_MODULES = YES;
				CLANG_ENABLE_OBJC_ARC = YES;
				CLANG_WARN_BOOL_CONVERSION = YES;
				CLANG_WARN_CONSTANT_CONVERSION = YES;
				CLANG_WARN_DIRECT_OBJC_ISA_USAGE = YES_ERROR;
				CLANG_WARN_DOCUMENTATION_COMMENTS = YES;
				CLANG_WARN_EMPTY_BODY = YES;
				CLANG_WARN_ENUM_CONVERSION = YES;
				CLANG_WARN_INFINITE_RECURSION = YES;
				CLANG_WARN_INT_CONVERSION = YES;
				CLANG_WARN_OBJC_ROOT_CLASS = YES_ERROR;
				CLANG_WARN_SUSPICIOUS_MOVE = YES;
				CLANG_WARN_UNREACHABLE_CODE = YES;
				CLANG_WARN__DUPLICATE_METHOD_MATCH = YES;
				"CODE_SIGN_IDENTITY[sdk=iphoneos*]" = "iPhone Developer";
				COPY_PHASE_STRIP = NO;
				DEBUG_INFORMATION_FORMAT = dwarf;
				ENABLE_STRICT_OBJC_MSGSEND = YES;
				ENABLE_TESTABILITY = YES;
				GCC_C_LANGUAGE_STANDARD = gnu99;
				GCC_DYNAMIC_NO_PIC = NO;
				GCC_NO_COMMON_BLOCKS = YES;
				GCC_OPTIMIZATION_LEVEL = 0;
				GCC_PREPROCESSOR_DEFINITIONS = (
					"DEBUG=1",
					"$(inherited)",
				);
				GCC_WARN_64_TO_32_BIT_CONVERSION = YES;
				GCC_WARN_ABOUT_RETURN_TYPE = YES_ERROR;
				GCC_WARN_UNDECLARED_SELECTOR = YES;
				GCC_WARN_UNINITIALIZED_AUTOS = YES_AGGRESSIVE;
				GCC_WARN_UNUSED_FUNCTION = YES;
				GCC_WARN_UNUSED_VARIABLE = YES;
				IPHONEOS_DEPLOYMENT_TARGET = 10.3;
				MTL_ENABLE_DEBUG_INFO = YES;
				ONLY_ACTIVE_ARCH = YES;
				SDKROOT = iphoneos;
				SWIFT_ACTIVE_COMPILATION_CONDITIONS = DEBUG;
				SWIFT_OPTIMIZATION_LEVEL = "-Onone";
			};
			name = Debug;
		};
		2CB1BB5C1EAAFCD8007B99DD /* Release */ = {
			isa = XCBuildConfiguration;
			buildSettings = {
				ALWAYS_SEARCH_USER_PATHS = NO;
				CLANG_ANALYZER_NONNULL = YES;
				CLANG_ANALYZER_NUMBER_OBJECT_CONVERSION = YES_AGGRESSIVE;
				CLANG_CXX_LANGUAGE_STANDARD = "gnu++0x";
				CLANG_CXX_LIBRARY = "libc++";
				CLANG_ENABLE_MODULES = YES;
				CLANG_ENABLE_OBJC_ARC = YES;
				CLANG_WARN_BOOL_CONVERSION = YES;
				CLANG_WARN_CONSTANT_CONVERSION = YES;
				CLANG_WARN_DIRECT_OBJC_ISA_USAGE = YES_ERROR;
				CLANG_WARN_DOCUMENTATION_COMMENTS = YES;
				CLANG_WARN_EMPTY_BODY = YES;
				CLANG_WARN_ENUM_CONVERSION = YES;
				CLANG_WARN_INFINITE_RECURSION = YES;
				CLANG_WARN_INT_CONVERSION = YES;
				CLANG_WARN_OBJC_ROOT_CLASS = YES_ERROR;
				CLANG_WARN_SUSPICIOUS_MOVE = YES;
				CLANG_WARN_UNREACHABLE_CODE = YES;
				CLANG_WARN__DUPLICATE_METHOD_MATCH = YES;
				"CODE_SIGN_IDENTITY[sdk=iphoneos*]" = "iPhone Developer";
				COPY_PHASE_STRIP = NO;
				DEBUG_INFORMATION_FORMAT = "dwarf-with-dsym";
				ENABLE_NS_ASSERTIONS = NO;
				ENABLE_STRICT_OBJC_MSGSEND = YES;
				GCC_C_LANGUAGE_STANDARD = gnu99;
				GCC_NO_COMMON_BLOCKS = YES;
				GCC_WARN_64_TO_32_BIT_CONVERSION = YES;
				GCC_WARN_ABOUT_RETURN_TYPE = YES_ERROR;
				GCC_WARN_UNDECLARED_SELECTOR = YES;
				GCC_WARN_UNINITIALIZED_AUTOS = YES_AGGRESSIVE;
				GCC_WARN_UNUSED_FUNCTION = YES;
				GCC_WARN_UNUSED_VARIABLE = YES;
				IPHONEOS_DEPLOYMENT_TARGET = 10.3;
				MTL_ENABLE_DEBUG_INFO = NO;
				SDKROOT = iphoneos;
				SWIFT_OPTIMIZATION_LEVEL = "-Owholemodule";
				VALIDATE_PRODUCT = YES;
			};
			name = Release;
		};
		2CB1BB5E1EAAFCD8007B99DD /* Debug */ = {
			isa = XCBuildConfiguration;
			buildSettings = {
				ASSETCATALOG_COMPILER_APPICON_NAME = AppIcon;
				DEVELOPMENT_TEAM = QGJNJ3SKUJ;
				INFOPLIST_FILE = ELPickerView/Info.plist;
				LD_RUNPATH_SEARCH_PATHS = "$(inherited) @executable_path/Frameworks";
				PRODUCT_BUNDLE_IDENTIFIER = com.elenion.ELPickerView;
				PRODUCT_NAME = "$(TARGET_NAME)";
				SWIFT_VERSION = 3.0;
			};
			name = Debug;
		};
		2CB1BB5F1EAAFCD8007B99DD /* Release */ = {
			isa = XCBuildConfiguration;
			buildSettings = {
				ASSETCATALOG_COMPILER_APPICON_NAME = AppIcon;
				DEVELOPMENT_TEAM = QGJNJ3SKUJ;
				INFOPLIST_FILE = ELPickerView/Info.plist;
				LD_RUNPATH_SEARCH_PATHS = "$(inherited) @executable_path/Frameworks";
				PRODUCT_BUNDLE_IDENTIFIER = com.elenion.ELPickerView;
				PRODUCT_NAME = "$(TARGET_NAME)";
				SWIFT_VERSION = 3.0;
			};
			name = Release;
		};
/* End XCBuildConfiguration section */

/* Begin XCConfigurationList section */
		2CB1BB461EAAFCD7007B99DD /* Build configuration list for PBXProject "ELPickerView" */ = {
			isa = XCConfigurationList;
			buildConfigurations = (
				2CB1BB5B1EAAFCD8007B99DD /* Debug */,
				2CB1BB5C1EAAFCD8007B99DD /* Release */,
			);
			defaultConfigurationIsVisible = 0;
			defaultConfigurationName = Release;
		};
		2CB1BB5D1EAAFCD8007B99DD /* Build configuration list for PBXNativeTarget "ELPickerView" */ = {
			isa = XCConfigurationList;
			buildConfigurations = (
				2CB1BB5E1EAAFCD8007B99DD /* Debug */,
				2CB1BB5F1EAAFCD8007B99DD /* Release */,
			);
			defaultConfigurationIsVisible = 0;
		};
/* End XCConfigurationList section */
	};
	rootObject = 2CB1BB431EAAFCD7007B99DD /* Project object */;
}
